// !$*UTF8*$!
{
	archiveVersion = 1;
	classes = {
	};
	objectVersion = 46;
	objects = {

/* Begin PBXBuildFile section */
		A143F4BB1A76DD3700EBBA47 /* Images.xcassets in Resources */ = {isa = PBXBuildFile; fileRef = A143F4BA1A76DD3700EBBA47 /* Images.xcassets */; };
		A14722941AE8F2E000BE091C /* MatchingLogMessage.m in Sources */ = {isa = PBXBuildFile; fileRef = A14722931AE8F2E000BE091C /* MatchingLogMessage.m */; };
		A157E9061AE7779B00D1E9F9 /* Logger.m in Sources */ = {isa = PBXBuildFile; fileRef = A157E9051AE7779B00D1E9F9 /* Logger.m */; };
		A157E9091AE778CF00D1E9F9 /* LogMessage.m in Sources */ = {isa = PBXBuildFile; fileRef = A157E9081AE778CF00D1E9F9 /* LogMessage.m */; };
		A1614D341A8549CE002D3876 /* CardMatchingGame.m in Sources */ = {isa = PBXBuildFile; fileRef = A1614D331A8549CE002D3876 /* CardMatchingGame.m */; };
		A16B674D1B24C1D6009BC286 /* HistoryViewController.m in Sources */ = {isa = PBXBuildFile; fileRef = A16B674C1B24C1D6009BC286 /* HistoryViewController.m */; };
		A16B67501B24C9C8009BC286 /* SetCardToolbox.m in Sources */ = {isa = PBXBuildFile; fileRef = A16B674F1B24C9C8009BC286 /* SetCardToolbox.m */; };
		A16B67541B24D939009BC286 /* SetCardToolboxTestUnit.m in Sources */ = {isa = PBXBuildFile; fileRef = A16B67531B24D939009BC286 /* SetCardToolboxTestUnit.m */; };
		A16D4E5C1B4CED2100A2C35B /* TestSetGameViewController.m in Sources */ = {isa = PBXBuildFile; fileRef = A16D4E5B1B4CED2100A2C35B /* TestSetGameViewController.m */; };
		A19929D51AE2BBF900FF1D4A /* SetCardTestCasesClass.m in Sources */ = {isa = PBXBuildFile; fileRef = A19929D41AE2BBF900FF1D4A /* SetCardTestCasesClass.m */; };
		A19929D71AE2EDF500FF1D4A /* SetGameViewController.m in Sources */ = {isa = PBXBuildFile; fileRef = A19929D61AE2EDF500FF1D4A /* SetGameViewController.m */; };
		A19ED8251B5BEBA800826F16 /* TestSetGameViewController.h in Sources */ = {isa = PBXBuildFile; fileRef = A16D4E5A1B4CED2100A2C35B /* TestSetGameViewController.h */; };
		A19ED8261B5BEBA800826F16 /* TestSetGameViewController.m in Sources */ = {isa = PBXBuildFile; fileRef = A16D4E5B1B4CED2100A2C35B /* TestSetGameViewController.m */; };
		A1A0BB8A1A7C27E0004490DE /* Card.m in Sources */ = {isa = PBXBuildFile; fileRef = A1A0BB891A7C27E0004490DE /* Card.m */; };
		A1A0BB8D1A7C365D004490DE /* Deck.m in Sources */ = {isa = PBXBuildFile; fileRef = A1A0BB8C1A7C365D004490DE /* Deck.m */; };
		A1A0BB901A7E8EEB004490DE /* PlayingCard.m in Sources */ = {isa = PBXBuildFile; fileRef = A1A0BB8F1A7E8EEB004490DE /* PlayingCard.m */; };
		A1A0BB931A7E9ECA004490DE /* PlayingCardDeck.m in Sources */ = {isa = PBXBuildFile; fileRef = A1A0BB921A7E9ECA004490DE /* PlayingCardDeck.m */; };
		A1A5CC0C1B0C321F000CE149 /* TestCardMatchingGame.m in Sources */ = {isa = PBXBuildFile; fileRef = A1A5CC0B1B0C321F000CE149 /* TestCardMatchingGame.m */; };
		A1CE69BC1AE02EB500B92D8E /* SetCard.m in Sources */ = {isa = PBXBuildFile; fileRef = A1CE69BB1AE02EB500B92D8E /* SetCard.m */; };
		A1CE69BF1AE0417700B92D8E /* SetCardDeck.m in Sources */ = {isa = PBXBuildFile; fileRef = A1CE69BE1AE0417600B92D8E /* SetCardDeck.m */; };
		A1DCCD5E1AEF4E54000E3E35 /* LoggingTestCaseClas.m in Sources */ = {isa = PBXBuildFile; fileRef = A1DCCD5D1AEF4E54000E3E35 /* LoggingTestCaseClas.m */; };
		A1F5224E1A76B4D600F770DC /* main.m in Sources */ = {isa = PBXBuildFile; fileRef = A1F5224D1A76B4D600F770DC /* main.m */; };
		A1F522511A76B4D600F770DC /* AppDelegate.m in Sources */ = {isa = PBXBuildFile; fileRef = A1F522501A76B4D600F770DC /* AppDelegate.m */; };
		A1F522541A76B4D600F770DC /* ViewController.m in Sources */ = {isa = PBXBuildFile; fileRef = A1F522531A76B4D600F770DC /* ViewController.m */; };
		A1F522571A76B4D600F770DC /* Main.storyboard in Resources */ = {isa = PBXBuildFile; fileRef = A1F522551A76B4D600F770DC /* Main.storyboard */; };
		A1F5225C1A76B4D600F770DC /* LaunchScreen.xib in Resources */ = {isa = PBXBuildFile; fileRef = A1F5225A1A76B4D600F770DC /* LaunchScreen.xib */; };
		A1F522681A76B4D700F770DC /* MatchismoTests.m in Sources */ = {isa = PBXBuildFile; fileRef = A1F522671A76B4D700F770DC /* MatchismoTests.m */; };
		A1F901CB1B2808660030955C /* HistoryViewControllerTest.m in Sources */ = {isa = PBXBuildFile; fileRef = A1F901CA1B2808660030955C /* HistoryViewControllerTest.m */; };
/* End PBXBuildFile section */

/* Begin PBXContainerItemProxy section */
		A1F522621A76B4D600F770DC /* PBXContainerItemProxy */ = {
			isa = PBXContainerItemProxy;
			containerPortal = A1F522401A76B4D600F770DC /* Project object */;
			proxyType = 1;
			remoteGlobalIDString = A1F522471A76B4D600F770DC;
			remoteInfo = Matchismo;
		};
/* End PBXContainerItemProxy section */

/* Begin PBXFileReference section */
		A143F4BA1A76DD3700EBBA47 /* Images.xcassets */ = {isa = PBXFileReference; lastKnownFileType = folder.assetcatalog; path = Images.xcassets; sourceTree = "<group>"; };
		A14722921AE8F2E000BE091C /* MatchingLogMessage.h */ = {isa = PBXFileReference; fileEncoding = 4; lastKnownFileType = sourcecode.c.h; name = MatchingLogMessage.h; path = ../MatchingLogMessage.h; sourceTree = "<group>"; };
		A14722931AE8F2E000BE091C /* MatchingLogMessage.m */ = {isa = PBXFileReference; fileEncoding = 4; lastKnownFileType = sourcecode.c.objc; name = MatchingLogMessage.m; path = ../MatchingLogMessage.m; sourceTree = "<group>"; };
		A157E9041AE7779B00D1E9F9 /* Logger.h */ = {isa = PBXFileReference; fileEncoding = 4; lastKnownFileType = sourcecode.c.h; name = Logger.h; path = ../Logger.h; sourceTree = "<group>"; };
		A157E9051AE7779B00D1E9F9 /* Logger.m */ = {isa = PBXFileReference; fileEncoding = 4; lastKnownFileType = sourcecode.c.objc; name = Logger.m; path = ../Logger.m; sourceTree = "<group>"; };
		A157E9071AE778CF00D1E9F9 /* LogMessage.h */ = {isa = PBXFileReference; fileEncoding = 4; lastKnownFileType = sourcecode.c.h; name = LogMessage.h; path = ../LogMessage.h; sourceTree = "<group>"; };
		A157E9081AE778CF00D1E9F9 /* LogMessage.m */ = {isa = PBXFileReference; fileEncoding = 4; lastKnownFileType = sourcecode.c.objc; name = LogMessage.m; path = ../LogMessage.m; sourceTree = "<group>"; };
		A1614D321A8549CE002D3876 /* CardMatchingGame.h */ = {isa = PBXFileReference; fileEncoding = 4; lastKnownFileType = sourcecode.c.h; path = CardMatchingGame.h; sourceTree = "<group>"; };
		A1614D331A8549CE002D3876 /* CardMatchingGame.m */ = {isa = PBXFileReference; fileEncoding = 4; lastKnownFileType = sourcecode.c.objc; path = CardMatchingGame.m; sourceTree = "<group>"; };
		A16B674B1B24C1D6009BC286 /* HistoryViewController.h */ = {isa = PBXFileReference; fileEncoding = 4; lastKnownFileType = sourcecode.c.h; name = HistoryViewController.h; path = ../HistoryViewController.h; sourceTree = "<group>"; };
		A16B674C1B24C1D6009BC286 /* HistoryViewController.m */ = {isa = PBXFileReference; fileEncoding = 4; lastKnownFileType = sourcecode.c.objc; name = HistoryViewController.m; path = ../HistoryViewController.m; sourceTree = "<group>"; };
		A16B674E1B24C9C8009BC286 /* SetCardToolbox.h */ = {isa = PBXFileReference; fileEncoding = 4; lastKnownFileType = sourcecode.c.h; path = SetCardToolbox.h; sourceTree = "<group>"; };
		A16B674F1B24C9C8009BC286 /* SetCardToolbox.m */ = {isa = PBXFileReference; fileEncoding = 4; lastKnownFileType = sourcecode.c.objc; path = SetCardToolbox.m; sourceTree = "<group>"; };
		A16B67531B24D939009BC286 /* SetCardToolboxTestUnit.m */ = {isa = PBXFileReference; fileEncoding = 4; lastKnownFileType = sourcecode.c.objc; path = SetCardToolboxTestUnit.m; sourceTree = "<group>"; };
		A16D4E5A1B4CED2100A2C35B /* TestSetGameViewController.h */ = {isa = PBXFileReference; fileEncoding = 4; lastKnownFileType = sourcecode.c.h; name = TestSetGameViewController.h; path = MatchismoTests/UITests/TestSetGameViewController.h; sourceTree = SOURCE_ROOT; };
		A16D4E5B1B4CED2100A2C35B /* TestSetGameViewController.m */ = {isa = PBXFileReference; fileEncoding = 4; lastKnownFileType = sourcecode.c.objc; name = TestSetGameViewController.m; path = MatchismoTests/UITests/TestSetGameViewController.m; sourceTree = SOURCE_ROOT; };
		A175A6951B4B08680049F8AF /* SetGameViewController.h */ = {isa = PBXFileReference; lastKnownFileType = sourcecode.c.h; path = SetGameViewController.h; sourceTree = "<group>"; };
		A19929D41AE2BBF900FF1D4A /* SetCardTestCasesClass.m */ = {isa = PBXFileReference; fileEncoding = 4; lastKnownFileType = sourcecode.c.objc; path = SetCardTestCasesClass.m; sourceTree = "<group>"; };
		A19929D61AE2EDF500FF1D4A /* SetGameViewController.m */ = {isa = PBXFileReference; fileEncoding = 4; lastKnownFileType = sourcecode.c.objc; path = SetGameViewController.m; sourceTree = "<group>"; };
		A1A0BB881A7C27E0004490DE /* Card.h */ = {isa = PBXFileReference; fileEncoding = 4; lastKnownFileType = sourcecode.c.h; path = Card.h; sourceTree = "<group>"; };
		A1A0BB891A7C27E0004490DE /* Card.m */ = {isa = PBXFileReference; fileEncoding = 4; lastKnownFileType = sourcecode.c.objc; path = Card.m; sourceTree = "<group>"; };
		A1A0BB8B1A7C365D004490DE /* Deck.h */ = {isa = PBXFileReference; fileEncoding = 4; lastKnownFileType = sourcecode.c.h; path = Deck.h; sourceTree = "<group>"; };
		A1A0BB8C1A7C365D004490DE /* Deck.m */ = {isa = PBXFileReference; fileEncoding = 4; lastKnownFileType = sourcecode.c.objc; path = Deck.m; sourceTree = "<group>"; };
		A1A0BB8E1A7E8EEB004490DE /* PlayingCard.h */ = {isa = PBXFileReference; fileEncoding = 4; lastKnownFileType = sourcecode.c.h; path = PlayingCard.h; sourceTree = "<group>"; };
		A1A0BB8F1A7E8EEB004490DE /* PlayingCard.m */ = {isa = PBXFileReference; fileEncoding = 4; lastKnownFileType = sourcecode.c.objc; path = PlayingCard.m; sourceTree = "<group>"; };
		A1A0BB911A7E9ECA004490DE /* PlayingCardDeck.h */ = {isa = PBXFileReference; fileEncoding = 4; lastKnownFileType = sourcecode.c.h; path = PlayingCardDeck.h; sourceTree = "<group>"; };
		A1A0BB921A7E9ECA004490DE /* PlayingCardDeck.m */ = {isa = PBXFileReference; fileEncoding = 4; lastKnownFileType = sourcecode.c.objc; path = PlayingCardDeck.m; sourceTree = "<group>"; };
		A1A5CC0B1B0C321F000CE149 /* TestCardMatchingGame.m */ = {isa = PBXFileReference; fileEncoding = 4; lastKnownFileType = sourcecode.c.objc; name = TestCardMatchingGame.m; path = ../Matchismo/TestCardMatchingGame.m; sourceTree = "<group>"; };
		A1CE69BA1AE02EB500B92D8E /* SetCard.h */ = {isa = PBXFileReference; fileEncoding = 4; lastKnownFileType = sourcecode.c.h; name = SetCard.h; path = ../../SetCard.h; sourceTree = "<group>"; };
		A1CE69BB1AE02EB500B92D8E /* SetCard.m */ = {isa = PBXFileReference; fileEncoding = 4; lastKnownFileType = sourcecode.c.objc; name = SetCard.m; path = ../../SetCard.m; sourceTree = "<group>"; };
		A1CE69BD1AE0417600B92D8E /* SetCardDeck.h */ = {isa = PBXFileReference; fileEncoding = 4; lastKnownFileType = sourcecode.c.h; path = SetCardDeck.h; sourceTree = "<group>"; };
		A1CE69BE1AE0417600B92D8E /* SetCardDeck.m */ = {isa = PBXFileReference; fileEncoding = 4; lastKnownFileType = sourcecode.c.objc; path = SetCardDeck.m; sourceTree = "<group>"; };
		A1DCCD5D1AEF4E54000E3E35 /* LoggingTestCaseClas.m */ = {isa = PBXFileReference; fileEncoding = 4; lastKnownFileType = sourcecode.c.objc; path = LoggingTestCaseClas.m; sourceTree = "<group>"; };
		A1F522481A76B4D600F770DC /* Matchismo.app */ = {isa = PBXFileReference; explicitFileType = wrapper.application; includeInIndex = 0; path = Matchismo.app; sourceTree = BUILT_PRODUCTS_DIR; };
		A1F5224C1A76B4D600F770DC /* Info.plist */ = {isa = PBXFileReference; lastKnownFileType = text.plist.xml; path = Info.plist; sourceTree = "<group>"; };
		A1F5224D1A76B4D600F770DC /* main.m */ = {isa = PBXFileReference; lastKnownFileType = sourcecode.c.objc; path = main.m; sourceTree = "<group>"; };
		A1F5224F1A76B4D600F770DC /* AppDelegate.h */ = {isa = PBXFileReference; lastKnownFileType = sourcecode.c.h; path = AppDelegate.h; sourceTree = "<group>"; };
		A1F522501A76B4D600F770DC /* AppDelegate.m */ = {isa = PBXFileReference; lastKnownFileType = sourcecode.c.objc; path = AppDelegate.m; sourceTree = "<group>"; };
		A1F522521A76B4D600F770DC /* ViewController.h */ = {isa = PBXFileReference; lastKnownFileType = sourcecode.c.h; path = ViewController.h; sourceTree = "<group>"; };
		A1F522531A76B4D600F770DC /* ViewController.m */ = {isa = PBXFileReference; lastKnownFileType = sourcecode.c.objc; path = ViewController.m; sourceTree = "<group>"; };
		A1F522561A76B4D600F770DC /* Base */ = {isa = PBXFileReference; lastKnownFileType = file.storyboard; name = Base; path = Base.lproj/Main.storyboard; sourceTree = "<group>"; };
		A1F5225B1A76B4D600F770DC /* Base */ = {isa = PBXFileReference; lastKnownFileType = file.xib; name = Base; path = Base.lproj/LaunchScreen.xib; sourceTree = "<group>"; };
		A1F522611A76B4D600F770DC /* MatchismoTests.xctest */ = {isa = PBXFileReference; explicitFileType = wrapper.cfbundle; includeInIndex = 0; path = MatchismoTests.xctest; sourceTree = BUILT_PRODUCTS_DIR; };
		A1F522661A76B4D700F770DC /* Info.plist */ = {isa = PBXFileReference; lastKnownFileType = text.plist.xml; path = Info.plist; sourceTree = "<group>"; };
		A1F522671A76B4D700F770DC /* MatchismoTests.m */ = {isa = PBXFileReference; lastKnownFileType = sourcecode.c.objc; path = MatchismoTests.m; sourceTree = "<group>"; };
		A1F901CA1B2808660030955C /* HistoryViewControllerTest.m */ = {isa = PBXFileReference; fileEncoding = 4; lastKnownFileType = sourcecode.c.objc; path = HistoryViewControllerTest.m; sourceTree = "<group>"; };
/* End PBXFileReference section */

/* Begin PBXFrameworksBuildPhase section */
		A1F522451A76B4D600F770DC /* Frameworks */ = {
			isa = PBXFrameworksBuildPhase;
			buildActionMask = 2147483647;
			files = (
			);
			runOnlyForDeploymentPostprocessing = 0;
		};
		A1F5225E1A76B4D600F770DC /* Frameworks */ = {
			isa = PBXFrameworksBuildPhase;
			buildActionMask = 2147483647;
			files = (
			);
			runOnlyForDeploymentPostprocessing = 0;
		};
/* End PBXFrameworksBuildPhase section */

/* Begin PBXGroup section */
		A1A0BB871A7C2623004490DE /* Model */ = {
			isa = PBXGroup;
			children = (
				A157E9041AE7779B00D1E9F9 /* Logger.h */,
				A157E9051AE7779B00D1E9F9 /* Logger.m */,
				A157E9071AE778CF00D1E9F9 /* LogMessage.h */,
				A157E9081AE778CF00D1E9F9 /* LogMessage.m */,
				A14722921AE8F2E000BE091C /* MatchingLogMessage.h */,
				A14722931AE8F2E000BE091C /* MatchingLogMessage.m */,
				A1614D321A8549CE002D3876 /* CardMatchingGame.h */,
				A1614D331A8549CE002D3876 /* CardMatchingGame.m */,
				A1A0BB881A7C27E0004490DE /* Card.h */,
				A1A0BB911A7E9ECA004490DE /* PlayingCardDeck.h */,
				A1A0BB921A7E9ECA004490DE /* PlayingCardDeck.m */,
				A1CE69BA1AE02EB500B92D8E /* SetCard.h */,
				A1CE69BB1AE02EB500B92D8E /* SetCard.m */,
				A1CE69BD1AE0417600B92D8E /* SetCardDeck.h */,
				A1CE69BE1AE0417600B92D8E /* SetCardDeck.m */,
				A1A0BB891A7C27E0004490DE /* Card.m */,
				A1A0BB8B1A7C365D004490DE /* Deck.h */,
				A1A0BB8E1A7E8EEB004490DE /* PlayingCard.h */,
				A1A0BB8F1A7E8EEB004490DE /* PlayingCard.m */,
				A1A0BB8C1A7C365D004490DE /* Deck.m */,
			);
			path = Model;
			sourceTree = "<group>";
		};
		A1F5223F1A76B4D600F770DC = {
			isa = PBXGroup;
			children = (
				A1F5224A1A76B4D600F770DC /* Matchismo */,
				A1F522641A76B4D700F770DC /* MatchismoTests */,
				A1F522491A76B4D600F770DC /* Products */,
			);
			sourceTree = "<group>";
		};
		A1F522491A76B4D600F770DC /* Products */ = {
			isa = PBXGroup;
			children = (
				A1F522481A76B4D600F770DC /* Matchismo.app */,
				A1F522611A76B4D600F770DC /* MatchismoTests.xctest */,
			);
			name = Products;
			sourceTree = "<group>";
		};
		A1F5224A1A76B4D600F770DC /* Matchismo */ = {
			isa = PBXGroup;
			children = (
				A16B674B1B24C1D6009BC286 /* HistoryViewController.h */,
				A16B674C1B24C1D6009BC286 /* HistoryViewController.m */,
				A1F522521A76B4D600F770DC /* ViewController.h */,
				A1F522531A76B4D600F770DC /* ViewController.m */,
				A1F522551A76B4D600F770DC /* Main.storyboard */,
				A175A6951B4B08680049F8AF /* SetGameViewController.h */,
				A19929D61AE2EDF500FF1D4A /* SetGameViewController.m */,
				A16D4E5A1B4CED2100A2C35B /* TestSetGameViewController.h */,
				A16D4E5B1B4CED2100A2C35B /* TestSetGameViewController.m */,
				A143F4BA1A76DD3700EBBA47 /* Images.xcassets */,
				A1F5224B1A76B4D600F770DC /* Supporting Files */,
				A1A0BB871A7C2623004490DE /* Model */,
			);
			path = Matchismo;
			sourceTree = "<group>";
		};
		A1F5224B1A76B4D600F770DC /* Supporting Files */ = {
			isa = PBXGroup;
			children = (
				A16B674E1B24C9C8009BC286 /* SetCardToolbox.h */,
				A16B674F1B24C9C8009BC286 /* SetCardToolbox.m */,
				A1F5225A1A76B4D600F770DC /* LaunchScreen.xib */,
				A1F5224F1A76B4D600F770DC /* AppDelegate.h */,
				A1F522501A76B4D600F770DC /* AppDelegate.m */,
				A1F5224C1A76B4D600F770DC /* Info.plist */,
				A1F5224D1A76B4D600F770DC /* main.m */,
			);
			name = "Supporting Files";
			sourceTree = "<group>";
		};
		A1F522641A76B4D700F770DC /* MatchismoTests */ = {
			isa = PBXGroup;
			children = (
				A1F901CA1B2808660030955C /* HistoryViewControllerTest.m */,
				A16B67531B24D939009BC286 /* SetCardToolboxTestUnit.m */,
				A1DCCD5D1AEF4E54000E3E35 /* LoggingTestCaseClas.m */,
				A1A5CC0B1B0C321F000CE149 /* TestCardMatchingGame.m */,
				A19929D41AE2BBF900FF1D4A /* SetCardTestCasesClass.m */,
				A1F522671A76B4D700F770DC /* MatchismoTests.m */,
				A1F522651A76B4D700F770DC /* Supporting Files */,
			);
			path = MatchismoTests;
			sourceTree = "<group>";
		};
		A1F522651A76B4D700F770DC /* Supporting Files */ = {
			isa = PBXGroup;
			children = (
				A1F522661A76B4D700F770DC /* Info.plist */,
			);
			name = "Supporting Files";
			sourceTree = "<group>";
		};
/* End PBXGroup section */

/* Begin PBXNativeTarget section */
		A1F522471A76B4D600F770DC /* Matchismo */ = {
			isa = PBXNativeTarget;
			buildConfigurationList = A1F5226B1A76B4D700F770DC /* Build configuration list for PBXNativeTarget "Matchismo" */;
			buildPhases = (
				A1F522441A76B4D600F770DC /* Sources */,
				A1F522451A76B4D600F770DC /* Frameworks */,
				A1F522461A76B4D600F770DC /* Resources */,
			);
			buildRules = (
			);
			dependencies = (
			);
			name = Matchismo;
			productName = Matchismo;
			productReference = A1F522481A76B4D600F770DC /* Matchismo.app */;
			productType = "com.apple.product-type.application";
		};
		A1F522601A76B4D600F770DC /* MatchismoTests */ = {
			isa = PBXNativeTarget;
			buildConfigurationList = A1F5226E1A76B4D700F770DC /* Build configuration list for PBXNativeTarget "MatchismoTests" */;
			buildPhases = (
				A1F5225D1A76B4D600F770DC /* Sources */,
				A1F5225E1A76B4D600F770DC /* Frameworks */,
				A1F5225F1A76B4D600F770DC /* Resources */,
			);
			buildRules = (
			);
			dependencies = (
				A1F522631A76B4D600F770DC /* PBXTargetDependency */,
			);
			name = MatchismoTests;
			productName = MatchismoTests;
			productReference = A1F522611A76B4D600F770DC /* MatchismoTests.xctest */;
			productType = "com.apple.product-type.bundle.unit-test";
		};
/* End PBXNativeTarget section */

/* Begin PBXProject section */
		A1F522401A76B4D600F770DC /* Project object */ = {
			isa = PBXProject;
			attributes = {
				LastUpgradeCheck = 0610;
				ORGANIZATIONNAME = CS193p;
				TargetAttributes = {
					A1F522471A76B4D600F770DC = {
						CreatedOnToolsVersion = 6.1.1;
					};
					A1F522601A76B4D600F770DC = {
						CreatedOnToolsVersion = 6.1.1;
						TestTargetID = A1F522471A76B4D600F770DC;
					};
				};
			};
			buildConfigurationList = A1F522431A76B4D600F770DC /* Build configuration list for PBXProject "Matchismo" */;
			compatibilityVersion = "Xcode 3.2";
			developmentRegion = English;
			hasScannedForEncodings = 0;
			knownRegions = (
				en,
				Base,
			);
			mainGroup = A1F5223F1A76B4D600F770DC;
			productRefGroup = A1F522491A76B4D600F770DC /* Products */;
			projectDirPath = "";
			projectRoot = "";
			targets = (
				A1F522471A76B4D600F770DC /* Matchismo */,
				A1F522601A76B4D600F770DC /* MatchismoTests */,
			);
		};
/* End PBXProject section */

/* Begin PBXResourcesBuildPhase section */
		A1F522461A76B4D600F770DC /* Resources */ = {
			isa = PBXResourcesBuildPhase;
			buildActionMask = 2147483647;
			files = (
				A143F4BB1A76DD3700EBBA47 /* Images.xcassets in Resources */,
				A1F522571A76B4D600F770DC /* Main.storyboard in Resources */,
				A1F5225C1A76B4D600F770DC /* LaunchScreen.xib in Resources */,
			);
			runOnlyForDeploymentPostprocessing = 0;
		};
		A1F5225F1A76B4D600F770DC /* Resources */ = {
			isa = PBXResourcesBuildPhase;
			buildActionMask = 2147483647;
			files = (
			);
			runOnlyForDeploymentPostprocessing = 0;
		};
/* End PBXResourcesBuildPhase section */

/* Begin PBXSourcesBuildPhase section */
		A1F522441A76B4D600F770DC /* Sources */ = {
			isa = PBXSourcesBuildPhase;
			buildActionMask = 2147483647;
			files = (
				A19ED8251B5BEBA800826F16 /* TestSetGameViewController.h in Sources */,
				A19ED8261B5BEBA800826F16 /* TestSetGameViewController.m in Sources */,
				A19929D71AE2EDF500FF1D4A /* SetGameViewController.m in Sources */,
				A1A0BB901A7E8EEB004490DE /* PlayingCard.m in Sources */,
				A1A0BB8D1A7C365D004490DE /* Deck.m in Sources */,
				A1F522541A76B4D600F770DC /* ViewController.m in Sources */,
				A1F522511A76B4D600F770DC /* AppDelegate.m in Sources */,
				A1CE69BC1AE02EB500B92D8E /* SetCard.m in Sources */,
				A1CE69BF1AE0417700B92D8E /* SetCardDeck.m in Sources */,
				A1614D341A8549CE002D3876 /* CardMatchingGame.m in Sources */,
				A16B67501B24C9C8009BC286 /* SetCardToolbox.m in Sources */,
				A16B674D1B24C1D6009BC286 /* HistoryViewController.m in Sources */,
				A1A0BB931A7E9ECA004490DE /* PlayingCardDeck.m in Sources */,
				A14722941AE8F2E000BE091C /* MatchingLogMessage.m in Sources */,
				A157E9091AE778CF00D1E9F9 /* LogMessage.m in Sources */,
				A157E9061AE7779B00D1E9F9 /* Logger.m in Sources */,
				A1F5224E1A76B4D600F770DC /* main.m in Sources */,
				A1A0BB8A1A7C27E0004490DE /* Card.m in Sources */,
			);
			runOnlyForDeploymentPostprocessing = 0;
		};
		A1F5225D1A76B4D600F770DC /* Sources */ = {
			isa = PBXSourcesBuildPhase;
			buildActionMask = 2147483647;
			files = (
				A1A5CC0C1B0C321F000CE149 /* TestCardMatchingGame.m in Sources */,
				A1F522681A76B4D700F770DC /* MatchismoTests.m in Sources */,
				A1DCCD5E1AEF4E54000E3E35 /* LoggingTestCaseClas.m in Sources */,
				A16B67541B24D939009BC286 /* SetCardToolboxTestUnit.m in Sources */,
				A16D4E5C1B4CED2100A2C35B /* TestSetGameViewController.m in Sources */,
				A19929D51AE2BBF900FF1D4A /* SetCardTestCasesClass.m in Sources */,
				A1F901CB1B2808660030955C /* HistoryViewControllerTest.m in Sources */,
			);
			runOnlyForDeploymentPostprocessing = 0;
		};
/* End PBXSourcesBuildPhase section */

/* Begin PBXTargetDependency section */
		A1F522631A76B4D600F770DC /* PBXTargetDependency */ = {
			isa = PBXTargetDependency;
			target = A1F522471A76B4D600F770DC /* Matchismo */;
			targetProxy = A1F522621A76B4D600F770DC /* PBXContainerItemProxy */;
		};
/* End PBXTargetDependency section */

/* Begin PBXVariantGroup section */
		A1F522551A76B4D600F770DC /* Main.storyboard */ = {
			isa = PBXVariantGroup;
			children = (
				A1F522561A76B4D600F770DC /* Base */,
			);
			name = Main.storyboard;
			sourceTree = "<group>";
		};
		A1F5225A1A76B4D600F770DC /* LaunchScreen.xib */ = {
			isa = PBXVariantGroup;
			children = (
				A1F5225B1A76B4D600F770DC /* Base */,
			);
			name = LaunchScreen.xib;
			sourceTree = "<group>";
		};
/* End PBXVariantGroup section */

/* Begin XCBuildConfiguration section */
		A1F522691A76B4D700F770DC /* Debug */ = {
			isa = XCBuildConfiguration;
			buildSettings = {
				ALWAYS_SEARCH_USER_PATHS = NO;
				CLANG_CXX_LANGUAGE_STANDARD = "gnu++0x";
				CLANG_CXX_LIBRARY = "libc++";
				CLANG_ENABLE_MODULES = YES;
				CLANG_ENABLE_OBJC_ARC = YES;
				CLANG_WARN_BOOL_CONVERSION = YES;
				CLANG_WARN_CONSTANT_CONVERSION = YES;
				CLANG_WARN_DIRECT_OBJC_ISA_USAGE = YES_ERROR;
				CLANG_WARN_EMPTY_BODY = YES;
				CLANG_WARN_ENUM_CONVERSION = YES;
				CLANG_WARN_INT_CONVERSION = YES;
				CLANG_WARN_OBJC_ROOT_CLASS = YES_ERROR;
				CLANG_WARN_UNREACHABLE_CODE = YES;
				CLANG_WARN__DUPLICATE_METHOD_MATCH = YES;
				"CODE_SIGN_IDENTITY[sdk=iphoneos*]" = "iPhone Developer";
				COPY_PHASE_STRIP = NO;
				ENABLE_STRICT_OBJC_MSGSEND = YES;
				GCC_C_LANGUAGE_STANDARD = gnu99;
				GCC_DYNAMIC_NO_PIC = NO;
				GCC_OPTIMIZATION_LEVEL = 0;
				GCC_PREPROCESSOR_DEFINITIONS = (
					"DEBUG=1",
					"$(inherited)",
				);
				GCC_SYMBOLS_PRIVATE_EXTERN = NO;
				GCC_WARN_64_TO_32_BIT_CONVERSION = YES;
				GCC_WARN_ABOUT_RETURN_TYPE = YES_ERROR;
				GCC_WARN_UNDECLARED_SELECTOR = YES;
				GCC_WARN_UNINITIALIZED_AUTOS = YES_AGGRESSIVE;
				GCC_WARN_UNUSED_FUNCTION = YES;
				GCC_WARN_UNUSED_VARIABLE = YES;
				IPHONEOS_DEPLOYMENT_TARGET = 8.1;
				MTL_ENABLE_DEBUG_INFO = YES;
				ONLY_ACTIVE_ARCH = YES;
				SDKROOT = iphoneos;
			};
			name = Debug;
		};
		A1F5226A1A76B4D700F770DC /* Release */ = {
			isa = XCBuildConfiguration;
			buildSettings = {
				ALWAYS_SEARCH_USER_PATHS = NO;
				CLANG_CXX_LANGUAGE_STANDARD = "gnu++0x";
				CLANG_CXX_LIBRARY = "libc++";
				CLANG_ENABLE_MODULES = YES;
				CLANG_ENABLE_OBJC_ARC = YES;
				CLANG_WARN_BOOL_CONVERSION = YES;
				CLANG_WARN_CONSTANT_CONVERSION = YES;
				CLANG_WARN_DIRECT_OBJC_ISA_USAGE = YES_ERROR;
				CLANG_WARN_EMPTY_BODY = YES;
				CLANG_WARN_ENUM_CONVERSION = YES;
				CLANG_WARN_INT_CONVERSION = YES;
				CLANG_WARN_OBJC_ROOT_CLASS = YES_ERROR;
				CLANG_WARN_UNREACHABLE_CODE = YES;
				CLANG_WARN__DUPLICATE_METHOD_MATCH = YES;
				"CODE_SIGN_IDENTITY[sdk=iphoneos*]" = "iPhone Developer";
				COPY_PHASE_STRIP = YES;
				ENABLE_NS_ASSERTIONS = NO;
				ENABLE_STRICT_OBJC_MSGSEND = YES;
				GCC_C_LANGUAGE_STANDARD = gnu99;
				GCC_WARN_64_TO_32_BIT_CONVERSION = YES;
				GCC_WARN_ABOUT_RETURN_TYPE = YES_ERROR;
				GCC_WARN_UNDECLARED_SELECTOR = YES;
				GCC_WARN_UNINITIALIZED_AUTOS = YES_AGGRESSIVE;
				GCC_WARN_UNUSED_FUNCTION = YES;
				GCC_WARN_UNUSED_VARIABLE = YES;
				IPHONEOS_DEPLOYMENT_TARGET = 8.1;
				MTL_ENABLE_DEBUG_INFO = NO;
				SDKROOT = iphoneos;
				VALIDATE_PRODUCT = YES;
			};
			name = Release;
		};
		A1F5226C1A76B4D700F770DC /* Debug */ = {
			isa = XCBuildConfiguration;
			buildSettings = {
				ASSETCATALOG_COMPILER_APPICON_NAME = AppIcon;
				INFOPLIST_FILE = Matchismo/Info.plist;
				LD_RUNPATH_SEARCH_PATHS = "$(inherited) @executable_path/Frameworks";
				PRODUCT_NAME = "$(TARGET_NAME)";
			};
			name = Debug;
		};
		A1F5226D1A76B4D700F770DC /* Release */ = {
			isa = XCBuildConfiguration;
			buildSettings = {
				ASSETCATALOG_COMPILER_APPICON_NAME = AppIcon;
				INFOPLIST_FILE = Matchismo/Info.plist;
				LD_RUNPATH_SEARCH_PATHS = "$(inherited) @executable_path/Frameworks";
				PRODUCT_NAME = "$(TARGET_NAME)";
			};
			name = Release;
		};
		A1F5226F1A76B4D700F770DC /* Debug */ = {
			isa = XCBuildConfiguration;
			buildSettings = {
				BUNDLE_LOADER = "$(TEST_HOST)";
				FRAMEWORK_SEARCH_PATHS = (
					"$(SDKROOT)/Developer/Library/Frameworks",
					"$(inherited)",
				);
				GCC_PREPROCESSOR_DEFINITIONS = (
					"DEBUG=1",
					"$(inherited)",
				);
				INFOPLIST_FILE = MatchismoTests/Info.plist;
				LD_RUNPATH_SEARCH_PATHS = "$(inherited) @executable_path/Frameworks @loader_path/Frameworks";
				PRODUCT_NAME = "$(TARGET_NAME)";
				TEST_HOST = "$(BUILT_PRODUCTS_DIR)/Matchismo.app/Matchismo";
			};
			name = Debug;
		};
		A1F522701A76B4D700F770DC /* Release */ = {
			isa = XCBuildConfiguration;
			buildSettings = {
				BUNDLE_LOADER = "$(TEST_HOST)";
				FRAMEWORK_SEARCH_PATHS = (
					"$(SDKROOT)/Developer/Library/Frameworks",
					"$(inherited)",
				);
				INFOPLIST_FILE = MatchismoTests/Info.plist;
				LD_RUNPATH_SEARCH_PATHS = "$(inherited) @executable_path/Frameworks @loader_path/Frameworks";
				PRODUCT_NAME = "$(TARGET_NAME)";
				TEST_HOST = "$(BUILT_PRODUCTS_DIR)/Matchismo.app/Matchismo";
			};
			name = Release;
		};
/* End XCBuildConfiguration section */

/* Begin XCConfigurationList section */
		A1F522431A76B4D600F770DC /* Build configuration list for PBXProject "Matchismo" */ = {
			isa = XCConfigurationList;
			buildConfigurations = (
				A1F522691A76B4D700F770DC /* Debug */,
				A1F5226A1A76B4D700F770DC /* Release */,
			);
			defaultConfigurationIsVisible = 0;
			defaultConfigurationName = Release;
		};
		A1F5226B1A76B4D700F770DC /* Build configuration list for PBXNativeTarget "Matchismo" */ = {
			isa = XCConfigurationList;
			buildConfigurations = (
				A1F5226C1A76B4D700F770DC /* Debug */,
				A1F5226D1A76B4D700F770DC /* Release */,
			);
			defaultConfigurationIsVisible = 0;
			defaultConfigurationName = Release;
		};
		A1F5226E1A76B4D700F770DC /* Build configuration list for PBXNativeTarget "MatchismoTests" */ = {
			isa = XCConfigurationList;
			buildConfigurations = (
				A1F5226F1A76B4D700F770DC /* Debug */,
				A1F522701A76B4D700F770DC /* Release */,
			);
			defaultConfigurationIsVisible = 0;
			defaultConfigurationName = Release;
		};
/* End XCConfigurationList section */
	};
	rootObject = A1F522401A76B4D600F770DC /* Project object */;
}
